// !$*UTF8*$!
{
	archiveVersion = 1;
	classes = {
	};
	objectVersion = 46;
	objects = {

/* Begin PBXBuildFile section */
		4F231FA51E168C6B00E5C7E5 /* ERTester.swift in Sources */ = {isa = PBXBuildFile; fileRef = 4F231FA41E168C6B00E5C7E5 /* ERTester.swift */; };
		4F231FA71E1696FC00E5C7E5 /* ERMathStruct.swift in Sources */ = {isa = PBXBuildFile; fileRef = 4F231FA61E1696FC00E5C7E5 /* ERMathStruct.swift */; };
		4F231FA91E17B2D900E5C7E5 /* ERContinuous.swift in Sources */ = {isa = PBXBuildFile; fileRef = 4F231FA81E17B2D900E5C7E5 /* ERContinuous.swift */; };
		4F371E9F1E13EF3600E12008 /* main.swift in Sources */ = {isa = PBXBuildFile; fileRef = 4F371E9E1E13EF3600E12008 /* main.swift */; };
		4F371EA11E13EFDD00E12008 /* RandomVariable.swift in Sources */ = {isa = PBXBuildFile; fileRef = 4F371EA01E13EFDD00E12008 /* RandomVariable.swift */; };
		4F371EA51E14062B00E12008 /* ERMathHelper.swift in Sources */ = {isa = PBXBuildFile; fileRef = 4F371EA41E14062B00E12008 /* ERMathHelper.swift */; };
		4F56232A1E15145200C5CDD7 /* ERDiscrete.swift in Sources */ = {isa = PBXBuildFile; fileRef = 4F5623291E15145200C5CDD7 /* ERDiscrete.swift */; };
		4F79C1B51E15F83800D4C180 /* ERCollectionHelper.swift in Sources */ = {isa = PBXBuildFile; fileRef = 4F79C1B41E15F83800D4C180 /* ERCollectionHelper.swift */; };
/* End PBXBuildFile section */

/* Begin PBXCopyFilesBuildPhase section */
		4F371E901E13EDB700E12008 /* CopyFiles */ = {
			isa = PBXCopyFilesBuildPhase;
			buildActionMask = 2147483647;
			dstPath = /usr/share/man/man1/;
			dstSubfolderSpec = 0;
			files = (
			);
			runOnlyForDeploymentPostprocessing = 1;
		};
/* End PBXCopyFilesBuildPhase section */

/* Begin PBXFileReference section */
		4F231FA41E168C6B00E5C7E5 /* ERTester.swift */ = {isa = PBXFileReference; fileEncoding = 4; lastKnownFileType = sourcecode.swift; name = ERTester.swift; path = Test/ERTester.swift; sourceTree = "<group>"; };
		4F231FA61E1696FC00E5C7E5 /* ERMathStruct.swift */ = {isa = PBXFileReference; fileEncoding = 4; lastKnownFileType = sourcecode.swift; path = ERMathStruct.swift; sourceTree = "<group>"; };
		4F231FA81E17B2D900E5C7E5 /* ERContinuous.swift */ = {isa = PBXFileReference; fileEncoding = 4; lastKnownFileType = sourcecode.swift; path = ERContinuous.swift; sourceTree = "<group>"; };
		4F371E921E13EDB700E12008 /* EasyRandom */ = {isa = PBXFileReference; explicitFileType = "compiled.mach-o.executable"; includeInIndex = 0; path = EasyRandom; sourceTree = BUILT_PRODUCTS_DIR; };
		4F371E9D1E13EF3600E12008 /* EasyRandom-Bridging-Header.h */ = {isa = PBXFileReference; lastKnownFileType = sourcecode.c.h; path = "EasyRandom-Bridging-Header.h"; sourceTree = "<group>"; };
		4F371E9E1E13EF3600E12008 /* main.swift */ = {isa = PBXFileReference; fileEncoding = 4; lastKnownFileType = sourcecode.swift; name = main.swift; path = Sources/main.swift; sourceTree = "<group>"; };
		4F371EA01E13EFDD00E12008 /* RandomVariable.swift */ = {isa = PBXFileReference; fileEncoding = 4; lastKnownFileType = sourcecode.swift; name = RandomVariable.swift; path = Sources/RandomVariable.swift; sourceTree = "<group>"; };
		4F371EA41E14062B00E12008 /* ERMathHelper.swift */ = {isa = PBXFileReference; fileEncoding = 4; lastKnownFileType = sourcecode.swift; path = ERMathHelper.swift; sourceTree = "<group>"; };
		4F5623291E15145200C5CDD7 /* ERDiscrete.swift */ = {isa = PBXFileReference; fileEncoding = 4; lastKnownFileType = sourcecode.swift; path = ERDiscrete.swift; sourceTree = "<group>"; };
		4F79C1B41E15F83800D4C180 /* ERCollectionHelper.swift */ = {isa = PBXFileReference; fileEncoding = 4; lastKnownFileType = sourcecode.swift; path = ERCollectionHelper.swift; sourceTree = "<group>"; };
/* End PBXFileReference section */

/* Begin PBXFrameworksBuildPhase section */
		4F371E8F1E13EDB700E12008 /* Frameworks */ = {
			isa = PBXFrameworksBuildPhase;
			buildActionMask = 2147483647;
			files = (
			);
			runOnlyForDeploymentPostprocessing = 0;
		};
/* End PBXFrameworksBuildPhase section */

/* Begin PBXGroup section */
		4F231FA31E168C5600E5C7E5 /* Test */ = {
			isa = PBXGroup;
			children = (
				4F231FA41E168C6B00E5C7E5 /* ERTester.swift */,
			);
			name = Test;
			sourceTree = "<group>";
		};
		4F371E891E13EDB700E12008 = {
			isa = PBXGroup;
			children = (
				4F231FA31E168C5600E5C7E5 /* Test */,
				4F371E9C1E13EF2A00E12008 /* Sources */,
				4F371E931E13EDB700E12008 /* Products */,
			);
			sourceTree = "<group>";
		};
		4F371E931E13EDB700E12008 /* Products */ = {
			isa = PBXGroup;
			children = (
				4F371E921E13EDB700E12008 /* EasyRandom */,
			);
			name = Products;
			sourceTree = "<group>";
		};
		4F371E9C1E13EF2A00E12008 /* Sources */ = {
			isa = PBXGroup;
			children = (
				4F371E9E1E13EF3600E12008 /* main.swift */,
				4F371E9D1E13EF3600E12008 /* EasyRandom-Bridging-Header.h */,
				4F371EA01E13EFDD00E12008 /* RandomVariable.swift */,
				4F5623291E15145200C5CDD7 /* ERDiscrete.swift */,
				4F231FA81E17B2D900E5C7E5 /* ERContinuous.swift */,
				4F371EA41E14062B00E12008 /* ERMathHelper.swift */,
				4F231FA61E1696FC00E5C7E5 /* ERMathStruct.swift */,
				4F79C1B41E15F83800D4C180 /* ERCollectionHelper.swift */,
			);
			name = Sources;
			sourceTree = "<group>";
		};
/* End PBXGroup section */

/* Begin PBXNativeTarget section */
		4F371E911E13EDB700E12008 /* EasyRandom */ = {
			isa = PBXNativeTarget;
			buildConfigurationList = 4F371E991E13EDB700E12008 /* Build configuration list for PBXNativeTarget "EasyRandom" */;
			buildPhases = (
				4F371E8E1E13EDB700E12008 /* Sources */,
				4F371E8F1E13EDB700E12008 /* Frameworks */,
				4F371E901E13EDB700E12008 /* CopyFiles */,
			);
			buildRules = (
			);
			dependencies = (
			);
			name = EasyRandom;
			productName = EasyRandom;
			productReference = 4F371E921E13EDB700E12008 /* EasyRandom */;
			productType = "com.apple.product-type.tool";
		};
/* End PBXNativeTarget section */

/* Begin PBXProject section */
		4F371E8A1E13EDB700E12008 /* Project object */ = {
			isa = PBXProject;
			attributes = {
				LastSwiftUpdateCheck = 0820;
				LastUpgradeCheck = 0820;
				ORGANIZATIONNAME = "Helloworld Park";
				TargetAttributes = {
					4F371E911E13EDB700E12008 = {
						CreatedOnToolsVersion = 8.2;
						LastSwiftMigration = 0820;
						ProvisioningStyle = Automatic;
					};
				};
			};
			buildConfigurationList = 4F371E8D1E13EDB700E12008 /* Build configuration list for PBXProject "EasyRandom" */;
			compatibilityVersion = "Xcode 3.2";
			developmentRegion = English;
			hasScannedForEncodings = 0;
			knownRegions = (
				en,
			);
			mainGroup = 4F371E891E13EDB700E12008;
			productRefGroup = 4F371E931E13EDB700E12008 /* Products */;
			projectDirPath = "";
			projectRoot = "";
			targets = (
				4F371E911E13EDB700E12008 /* EasyRandom */,
			);
		};
/* End PBXProject section */

/* Begin PBXSourcesBuildPhase section */
		4F371E8E1E13EDB700E12008 /* Sources */ = {
			isa = PBXSourcesBuildPhase;
			buildActionMask = 2147483647;
			files = (
				4F231FA71E1696FC00E5C7E5 /* ERMathStruct.swift in Sources */,
				4F371EA11E13EFDD00E12008 /* RandomVariable.swift in Sources */,
				4F56232A1E15145200C5CDD7 /* ERDiscrete.swift in Sources */,
				4F231FA91E17B2D900E5C7E5 /* ERContinuous.swift in Sources */,
				4F371E9F1E13EF3600E12008 /* main.swift in Sources */,
				4F79C1B51E15F83800D4C180 /* ERCollectionHelper.swift in Sources */,
				4F371EA51E14062B00E12008 /* ERMathHelper.swift in Sources */,
				4F231FA51E168C6B00E5C7E5 /* ERTester.swift in Sources */,
			);
			runOnlyForDeploymentPostprocessing = 0;
		};
/* End PBXSourcesBuildPhase section */

/* Begin XCBuildConfiguration section */
		4F371E971E13EDB700E12008 /* Debug */ = {
			isa = XCBuildConfiguration;
			buildSettings = {
				ALWAYS_SEARCH_USER_PATHS = NO;
				CLANG_ANALYZER_NONNULL = YES;
				CLANG_CXX_LANGUAGE_STANDARD = "gnu++0x";
				CLANG_CXX_LIBRARY = "libc++";
				CLANG_ENABLE_MODULES = YES;
				CLANG_ENABLE_OBJC_ARC = YES;
				CLANG_WARN_BOOL_CONVERSION = YES;
				CLANG_WARN_CONSTANT_CONVERSION = YES;
				CLANG_WARN_DIRECT_OBJC_ISA_USAGE = YES_ERROR;
				CLANG_WARN_DOCUMENTATION_COMMENTS = YES;
				CLANG_WARN_EMPTY_BODY = YES;
				CLANG_WARN_ENUM_CONVERSION = YES;
				CLANG_WARN_INFINITE_RECURSION = YES;
				CLANG_WARN_INT_CONVERSION = YES;
				CLANG_WARN_OBJC_ROOT_CLASS = YES_ERROR;
				CLANG_WARN_SUSPICIOUS_MOVE = YES;
				CLANG_WARN_UNREACHABLE_CODE = YES;
				CLANG_WARN__DUPLICATE_METHOD_MATCH = YES;
				CODE_SIGN_IDENTITY = "-";
				COPY_PHASE_STRIP = NO;
				DEBUG_INFORMATION_FORMAT = dwarf;
				ENABLE_STRICT_OBJC_MSGSEND = YES;
				ENABLE_TESTABILITY = YES;
				GCC_C_LANGUAGE_STANDARD = gnu99;
				GCC_DYNAMIC_NO_PIC = NO;
				GCC_NO_COMMON_BLOCKS = YES;
				GCC_OPTIMIZATION_LEVEL = 0;
				GCC_PREPROCESSOR_DEFINITIONS = (
					"DEBUG=1",
					"$(inherited)",
				);
				GCC_WARN_64_TO_32_BIT_CONVERSION = YES;
				GCC_WARN_ABOUT_RETURN_TYPE = YES_ERROR;
				GCC_WARN_UNDECLARED_SELECTOR = YES;
				GCC_WARN_UNINITIALIZED_AUTOS = YES_AGGRESSIVE;
				GCC_WARN_UNUSED_FUNCTION = YES;
				GCC_WARN_UNUSED_VARIABLE = YES;
				MACOSX_DEPLOYMENT_TARGET = 10.11;
				MTL_ENABLE_DEBUG_INFO = YES;
				ONLY_ACTIVE_ARCH = YES;
				SDKROOT = macosx;
				SWIFT_OPTIMIZATION_LEVEL = "-Onone";
			};
			name = Debug;
		};
		4F371E981E13EDB700E12008 /* Release */ = {
			isa = XCBuildConfiguration;
			buildSettings = {
				ALWAYS_SEARCH_USER_PATHS = NO;
				CLANG_ANALYZER_NONNULL = YES;
				CLANG_CXX_LANGUAGE_STANDARD = "gnu++0x";
				CLANG_CXX_LIBRARY = "libc++";
				CLANG_ENABLE_MODULES = YES;
				CLANG_ENABLE_OBJC_ARC = YES;
				CLANG_WARN_BOOL_CONVERSION = YES;
				CLANG_WARN_CONSTANT_CONVERSION = YES;
				CLANG_WARN_DIRECT_OBJC_ISA_USAGE = YES_ERROR;
				CLANG_WARN_DOCUMENTATION_COMMENTS = YES;
				CLANG_WARN_EMPTY_BODY = YES;
				CLANG_WARN_ENUM_CONVERSION = YES;
				CLANG_WARN_INFINITE_RECURSION = YES;
				CLANG_WARN_INT_CONVERSION = YES;
				CLANG_WARN_OBJC_ROOT_CLASS = YES_ERROR;
				CLANG_WARN_SUSPICIOUS_MOVE = YES;
				CLANG_WARN_UNREACHABLE_CODE = YES;
				CLANG_WARN__DUPLICATE_METHOD_MATCH = YES;
				CODE_SIGN_IDENTITY = "-";
				COPY_PHASE_STRIP = NO;
				DEBUG_INFORMATION_FORMAT = "dwarf-with-dsym";
				ENABLE_NS_ASSERTIONS = NO;
				ENABLE_STRICT_OBJC_MSGSEND = YES;
				GCC_C_LANGUAGE_STANDARD = gnu99;
				GCC_NO_COMMON_BLOCKS = YES;
				GCC_WARN_64_TO_32_BIT_CONVERSION = YES;
				GCC_WARN_ABOUT_RETURN_TYPE = YES_ERROR;
				GCC_WARN_UNDECLARED_SELECTOR = YES;
				GCC_WARN_UNINITIALIZED_AUTOS = YES_AGGRESSIVE;
				GCC_WARN_UNUSED_FUNCTION = YES;
				GCC_WARN_UNUSED_VARIABLE = YES;
				MACOSX_DEPLOYMENT_TARGET = 10.11;
				MTL_ENABLE_DEBUG_INFO = NO;
				SDKROOT = macosx;
			};
			name = Release;
		};
		4F371E9A1E13EDB700E12008 /* Debug */ = {
			isa = XCBuildConfiguration;
			buildSettings = {
				CLANG_ENABLE_MODULES = YES;
				LD_RUNPATH_SEARCH_PATHS = "$(inherited) @executable_path/../Frameworks @loader_path/../Frameworks";
				PRODUCT_NAME = "$(TARGET_NAME)";
				SWIFT_OBJC_BRIDGING_HEADER = "EasyRandom-Bridging-Header.h";
				SWIFT_OPTIMIZATION_LEVEL = "-Onone";
				SWIFT_VERSION = 3.0;
			};
			name = Debug;
		};
		4F371E9B1E13EDB700E12008 /* Release */ = {
			isa = XCBuildConfiguration;
			buildSettings = {
				CLANG_ENABLE_MODULES = YES;
				LD_RUNPATH_SEARCH_PATHS = "$(inherited) @executable_path/../Frameworks @loader_path/../Frameworks";
				PRODUCT_NAME = "$(TARGET_NAME)";
				SWIFT_OBJC_BRIDGING_HEADER = "EasyRandom-Bridging-Header.h";
				SWIFT_VERSION = 3.0;
			};
			name = Release;
		};
/* End XCBuildConfiguration section */

/* Begin XCConfigurationList section */
		4F371E8D1E13EDB700E12008 /* Build configuration list for PBXProject "EasyRandom" */ = {
			isa = XCConfigurationList;
			buildConfigurations = (
				4F371E971E13EDB700E12008 /* Debug */,
				4F371E981E13EDB700E12008 /* Release */,
			);
			defaultConfigurationIsVisible = 0;
			defaultConfigurationName = Release;
		};
		4F371E991E13EDB700E12008 /* Build configuration list for PBXNativeTarget "EasyRandom" */ = {
			isa = XCConfigurationList;
			buildConfigurations = (
				4F371E9A1E13EDB700E12008 /* Debug */,
				4F371E9B1E13EDB700E12008 /* Release */,
			);
			defaultConfigurationIsVisible = 0;
			defaultConfigurationName = Release;
		};
/* End XCConfigurationList section */
	};
	rootObject = 4F371E8A1E13EDB700E12008 /* Project object */;
}
